# This file was autogenerated by uv via the following command:
#    uv pip compile pyproject.toml --output-file uv.lock
aistudio-sdk==0.3.8
    # via paddlex
annotated-types==0.7.0
    # via pydantic
anyio==4.12.1
    # via httpx
astor==0.8.1
    # via paddlepaddle-gpu
bce-python-sdk==0.9.59
    # via aistudio-sdk
certifi==2026.1.4
    # via
    #   httpcore
    #   httpx
    #   requests
chardet==5.2.0
    # via paddlex
charset-normalizer==3.4.4
    # via requests
click==8.3.1
    # via
    #   aistudio-sdk
    #   typer-slim
colorlog==6.10.1
    # via paddlex
contourpy==1.3.3
    # via matplotlib
cycler==0.12.1
    # via matplotlib
decorator==5.2.1
    # via paddlepaddle-gpu
fasttext==0.9.3
    # via image-pcb-extract (pyproject.toml)
filelock==3.20.3
    # via
    #   huggingface-hub
    #   modelscope
    #   paddlex
    #   torch
fonttools==4.61.1
    # via matplotlib
fsspec==2026.1.0
    # via
    #   huggingface-hub
    #   torch
future==1.0.0
    # via bce-python-sdk
h11==0.16.0
    # via httpcore
hf-xet==1.2.0
    # via huggingface-hub
httpcore==1.0.9
    # via httpx
httpx==0.28.1
    # via
    #   huggingface-hub
    #   paddlepaddle-gpu
huggingface-hub==1.3.2
    # via paddlex
idna==3.11
    # via
    #   anyio
    #   httpx
    #   requests
imagesize==1.4.1
    # via paddlex
jinja2==3.1.6
    # via torch
joblib==1.5.3
    # via scikit-learn
kiwisolver==1.4.9
    # via matplotlib
markupsafe==3.0.3
    # via jinja2
matplotlib==3.10.8
    # via
    #   image-pcb-extract (pyproject.toml)
    #   ultralytics
modelscope==1.33.0
    # via paddlex
mpmath==1.3.0
    # via sympy
networkx==3.6.1
    # via
    #   image-pcb-extract (pyproject.toml)
    #   torch
numpy==2.4.1
    # via
    #   image-pcb-extract (pyproject.toml)
    #   contourpy
    #   fasttext
    #   matplotlib
    #   opencv-contrib-python
    #   opencv-python
    #   opt-einsum
    #   paddlepaddle-gpu
    #   paddlex
    #   pandas
    #   scikit-learn
    #   scipy
    #   shapely
    #   torchvision
    #   ultralytics
    #   ultralytics-thop
nvidia-cublas-cu12==12.8.4.1
    # via
    #   nvidia-cudnn-cu12
    #   nvidia-cusolver-cu12
    #   torch
nvidia-cuda-cupti-cu12==12.8.90
    # via torch
nvidia-cuda-nvrtc-cu12==12.8.93
    # via torch
nvidia-cuda-runtime-cu12==12.8.90
    # via torch
nvidia-cudnn-cu12==9.10.2.21
    # via torch
nvidia-cufft-cu12==11.3.3.83
    # via torch
nvidia-cufile-cu12==1.13.1.3
    # via torch
nvidia-curand-cu12==10.3.9.90
    # via torch
nvidia-cusolver-cu12==11.7.3.90
    # via torch
nvidia-cusparse-cu12==12.5.8.93
    # via
    #   nvidia-cusolver-cu12
    #   torch
nvidia-cusparselt-cu12==0.7.1
    # via torch
nvidia-nccl-cu12==2.27.5
    # via torch
nvidia-nvjitlink-cu12==12.8.93
    # via
    #   nvidia-cufft-cu12
    #   nvidia-cusolver-cu12
    #   nvidia-cusparse-cu12
    #   torch
nvidia-nvshmem-cu12==3.3.20
    # via torch
nvidia-nvtx-cu12==12.8.90
    # via torch
opencv-contrib-python==4.10.0.84
    # via
    #   image-pcb-extract (pyproject.toml)
    #   paddlex
opencv-python==4.13.0.90
    # via
    #   image-pcb-extract (pyproject.toml)
    #   ultralytics
opt-einsum==3.3.0
    # via paddlepaddle-gpu
packaging==25.0
    # via
    #   huggingface-hub
    #   matplotlib
    #   paddlex
paddleocr==3.3.2
    # via image-pcb-extract (pyproject.toml)
paddlepaddle-gpu==2.6.2
    # via image-pcb-extract (pyproject.toml)
paddlex==3.3.13
    # via paddleocr
pandas==2.3.3
    # via
    #   image-pcb-extract (pyproject.toml)
    #   paddlex
pillow==12.1.0
    # via
    #   image-pcb-extract (pyproject.toml)
    #   matplotlib
    #   paddlepaddle-gpu
    #   paddlex
    #   torchvision
    #   ultralytics
polars==1.37.1
    # via ultralytics
polars-runtime-32==1.37.1
    # via polars
prettytable==3.17.0
    # via
    #   aistudio-sdk
    #   paddlex
protobuf==6.33.4
    # via paddlepaddle-gpu
psutil==7.2.1
    # via
    #   aistudio-sdk
    #   ultralytics
py-cpuinfo==9.0.0
    # via paddlex
pybind11==3.0.1
    # via fasttext
pyclipper==1.4.0
    # via paddlex
pycryptodome==3.23.0
    # via bce-python-sdk
pydantic==2.12.5
    # via paddlex
pydantic-core==2.41.5
    # via pydantic
pyparsing==3.3.1
    # via matplotlib
pypdfium2==5.3.0
    # via paddlex
python-bidi==0.6.7
    # via paddlex
python-dateutil==2.9.0.post0
    # via
    #   matplotlib
    #   pandas
pytz==2025.2
    # via pandas
pyyaml==6.0.2
    # via
    #   huggingface-hub
    #   paddleocr
    #   paddlex
    #   ultralytics
requests==2.32.5
    # via
    #   aistudio-sdk
    #   modelscope
    #   paddleocr
    #   paddlex
    #   ultralytics
ruamel-yaml==0.19.1
    # via paddlex
scikit-learn==1.8.0
    # via image-pcb-extract (pyproject.toml)
scipy==1.17.0
    # via
    #   scikit-learn
    #   ultralytics
setuptools==80.9.0
    # via
    #   fasttext
    #   modelscope
    #   torch
shapely==2.1.2
    # via paddlex
shellingham==1.5.4
    # via huggingface-hub
six==1.17.0
    # via
    #   bce-python-sdk
    #   python-dateutil
sympy==1.14.0
    # via torch
threadpoolctl==3.6.0
    # via scikit-learn
torch==2.9.1
    # via
    #   image-pcb-extract (pyproject.toml)
    #   torchaudio
    #   torchvision
    #   ultralytics
    #   ultralytics-thop
torchaudio==2.9.1
    # via image-pcb-extract (pyproject.toml)
torchvision==0.24.1
    # via
    #   image-pcb-extract (pyproject.toml)
    #   ultralytics
tqdm==4.67.1
    # via
    #   aistudio-sdk
    #   huggingface-hub
    #   modelscope
triton==3.5.1
    # via torch
typer-slim==0.21.1
    # via huggingface-hub
typing-extensions==4.15.0
    # via
    #   anyio
    #   huggingface-hub
    #   paddleocr
    #   paddlex
    #   pydantic
    #   pydantic-core
    #   torch
    #   typer-slim
    #   typing-inspection
typing-inspection==0.4.2
    # via pydantic
tzdata==2025.3
    # via pandas
ujson==5.11.0
    # via paddlex
ultralytics==8.4.5
    # via image-pcb-extract (pyproject.toml)
ultralytics-thop==2.0.18
    # via ultralytics
urllib3==2.6.3
    # via
    #   modelscope
    #   requests
wcwidth==0.2.14
    # via prettytable
